// !$*UTF8*$!
{
	archiveVersion = 1;
	classes = {
	};
	objectVersion = 46;
	objects = {

/* Begin PBXBuildFile section */
		688A76191D0D0CFE002CC798 /* AppDelegate.swift in Sources */ = {isa = PBXBuildFile; fileRef = 688A76181D0D0CFE002CC798 /* AppDelegate.swift */; };
		688A761E1D0D0CFE002CC798 /* Main.storyboard in Resources */ = {isa = PBXBuildFile; fileRef = 688A761C1D0D0CFE002CC798 /* Main.storyboard */; };
		688A76201D0D0CFE002CC798 /* Assets.xcassets in Resources */ = {isa = PBXBuildFile; fileRef = 688A761F1D0D0CFE002CC798 /* Assets.xcassets */; };
		688A76231D0D0CFE002CC798 /* LaunchScreen.storyboard in Resources */ = {isa = PBXBuildFile; fileRef = 688A76211D0D0CFE002CC798 /* LaunchScreen.storyboard */; };
		688A762D1D0D0DF3002CC798 /* PhotosListViewController.swift in Sources */ = {isa = PBXBuildFile; fileRef = 688A762A1D0D0DF3002CC798 /* PhotosListViewController.swift */; };
		688A762E1D0D0DF3002CC798 /* PhotoDetailViewController.swift in Sources */ = {isa = PBXBuildFile; fileRef = 688A762B1D0D0DF3002CC798 /* PhotoDetailViewController.swift */; };
		688A762F1D0D0DF3002CC798 /* AWExtensions.swift in Sources */ = {isa = PBXBuildFile; fileRef = 688A762C1D0D0DF3002CC798 /* AWExtensions.swift */; };
		688A76501D0D0FD0002CC798 /* AWebImage.h in Headers */ = {isa = PBXBuildFile; fileRef = 688A764F1D0D0FD0002CC798 /* AWebImage.h */; settings = {ATTRIBUTES = (Public, ); }; };
		688A76541D0D0FD0002CC798 /* AWebImage.framework in Frameworks */ = {isa = PBXBuildFile; fileRef = 688A764D1D0D0FD0002CC798 /* AWebImage.framework */; };
		688A76551D0D0FD0002CC798 /* AWebImage.framework in Embed Frameworks */ = {isa = PBXBuildFile; fileRef = 688A764D1D0D0FD0002CC798 /* AWebImage.framework */; settings = {ATTRIBUTES = (CodeSignOnCopy, RemoveHeadersOnCopy, ); }; };
		688A765B1D0D1012002CC798 /* UIImageView+AWebImage.swift in Sources */ = {isa = PBXBuildFile; fileRef = 688A76591D0D1012002CC798 /* UIImageView+AWebImage.swift */; };
		688A765C1D0D1012002CC798 /* AWebImage.swift in Sources */ = {isa = PBXBuildFile; fileRef = 688A765A1D0D1012002CC798 /* AWebImage.swift */; };
		689332B31E06C6AA00F495AE /* AWebImageProcess.swift in Sources */ = {isa = PBXBuildFile; fileRef = 689332B21E06C6AA00F495AE /* AWebImageProcess.swift */; };
/* End PBXBuildFile section */

/* Begin PBXContainerItemProxy section */
		688A76521D0D0FD0002CC798 /* PBXContainerItemProxy */ = {
			isa = PBXContainerItemProxy;
			containerPortal = 6883E40E1CFF2CF2006C7F52 /* Project object */;
			proxyType = 1;
			remoteGlobalIDString = 688A764C1D0D0FD0002CC798;
			remoteInfo = AWebImage;
		};
/* End PBXContainerItemProxy section */

/* Begin PBXCopyFilesBuildPhase section */
		688A76411D0D0EA6002CC798 /* Embed Frameworks */ = {
			isa = PBXCopyFilesBuildPhase;
			buildActionMask = 2147483647;
			dstPath = "";
			dstSubfolderSpec = 10;
			files = (
				688A76551D0D0FD0002CC798 /* AWebImage.framework in Embed Frameworks */,
			);
			name = "Embed Frameworks";
			runOnlyForDeploymentPostprocessing = 0;
		};
/* End PBXCopyFilesBuildPhase section */

/* Begin PBXFileReference section */
		688A76161D0D0CFE002CC798 /* AWebImageDemo.app */ = {isa = PBXFileReference; explicitFileType = wrapper.application; includeInIndex = 0; path = AWebImageDemo.app; sourceTree = BUILT_PRODUCTS_DIR; };
		688A76181D0D0CFE002CC798 /* AppDelegate.swift */ = {isa = PBXFileReference; lastKnownFileType = sourcecode.swift; path = AppDelegate.swift; sourceTree = "<group>"; };
		688A761D1D0D0CFE002CC798 /* Base */ = {isa = PBXFileReference; lastKnownFileType = file.storyboard; name = Base; path = Base.lproj/Main.storyboard; sourceTree = "<group>"; };
		688A761F1D0D0CFE002CC798 /* Assets.xcassets */ = {isa = PBXFileReference; lastKnownFileType = folder.assetcatalog; path = Assets.xcassets; sourceTree = "<group>"; };
		688A76221D0D0CFE002CC798 /* Base */ = {isa = PBXFileReference; lastKnownFileType = file.storyboard; name = Base; path = Base.lproj/LaunchScreen.storyboard; sourceTree = "<group>"; };
		688A76241D0D0CFE002CC798 /* Info.plist */ = {isa = PBXFileReference; lastKnownFileType = text.plist.xml; path = Info.plist; sourceTree = "<group>"; };
		688A762A1D0D0DF3002CC798 /* PhotosListViewController.swift */ = {isa = PBXFileReference; fileEncoding = 4; lastKnownFileType = sourcecode.swift; path = PhotosListViewController.swift; sourceTree = "<group>"; };
		688A762B1D0D0DF3002CC798 /* PhotoDetailViewController.swift */ = {isa = PBXFileReference; fileEncoding = 4; lastKnownFileType = sourcecode.swift; path = PhotoDetailViewController.swift; sourceTree = "<group>"; };
		688A762C1D0D0DF3002CC798 /* AWExtensions.swift */ = {isa = PBXFileReference; fileEncoding = 4; lastKnownFileType = sourcecode.swift; path = AWExtensions.swift; sourceTree = "<group>"; };
		688A764D1D0D0FD0002CC798 /* AWebImage.framework */ = {isa = PBXFileReference; explicitFileType = wrapper.framework; includeInIndex = 0; path = AWebImage.framework; sourceTree = BUILT_PRODUCTS_DIR; };
		688A764F1D0D0FD0002CC798 /* AWebImage.h */ = {isa = PBXFileReference; lastKnownFileType = sourcecode.c.h; path = AWebImage.h; sourceTree = "<group>"; };
		688A76511D0D0FD0002CC798 /* Info.plist */ = {isa = PBXFileReference; lastKnownFileType = text.plist.xml; path = Info.plist; sourceTree = "<group>"; };
		688A76591D0D1012002CC798 /* UIImageView+AWebImage.swift */ = {isa = PBXFileReference; fileEncoding = 4; lastKnownFileType = sourcecode.swift; path = "UIImageView+AWebImage.swift"; sourceTree = "<group>"; };
		688A765A1D0D1012002CC798 /* AWebImage.swift */ = {isa = PBXFileReference; fileEncoding = 4; lastKnownFileType = sourcecode.swift; path = AWebImage.swift; sourceTree = "<group>"; };
		689332B21E06C6AA00F495AE /* AWebImageProcess.swift */ = {isa = PBXFileReference; fileEncoding = 4; lastKnownFileType = sourcecode.swift; path = AWebImageProcess.swift; sourceTree = "<group>"; };
/* End PBXFileReference section */

/* Begin PBXFrameworksBuildPhase section */
		688A76131D0D0CFE002CC798 /* Frameworks */ = {
			isa = PBXFrameworksBuildPhase;
			buildActionMask = 2147483647;
			files = (
				688A76541D0D0FD0002CC798 /* AWebImage.framework in Frameworks */,
			);
			runOnlyForDeploymentPostprocessing = 0;
		};
		688A76491D0D0FD0002CC798 /* Frameworks */ = {
			isa = PBXFrameworksBuildPhase;
			buildActionMask = 2147483647;
			files = (
			);
			runOnlyForDeploymentPostprocessing = 0;
		};
/* End PBXFrameworksBuildPhase section */

/* Begin PBXGroup section */
		6883E40D1CFF2CF2006C7F52 = {
			isa = PBXGroup;
			children = (
				688A764E1D0D0FD0002CC798 /* AWebImage */,
				688A76171D0D0CFE002CC798 /* AWebImageDemo */,
				6883E4171CFF2CF2006C7F52 /* Products */,
			);
			sourceTree = "<group>";
		};
		6883E4171CFF2CF2006C7F52 /* Products */ = {
			isa = PBXGroup;
			children = (
				688A76161D0D0CFE002CC798 /* AWebImageDemo.app */,
				688A764D1D0D0FD0002CC798 /* AWebImage.framework */,
			);
			name = Products;
			sourceTree = "<group>";
		};
		688A76171D0D0CFE002CC798 /* AWebImageDemo */ = {
			isa = PBXGroup;
			children = (
				688A762A1D0D0DF3002CC798 /* PhotosListViewController.swift */,
				688A762B1D0D0DF3002CC798 /* PhotoDetailViewController.swift */,
				688A762C1D0D0DF3002CC798 /* AWExtensions.swift */,
				688A76181D0D0CFE002CC798 /* AppDelegate.swift */,
				688A761C1D0D0CFE002CC798 /* Main.storyboard */,
				688A761F1D0D0CFE002CC798 /* Assets.xcassets */,
				688A76211D0D0CFE002CC798 /* LaunchScreen.storyboard */,
				688A76241D0D0CFE002CC798 /* Info.plist */,
			);
			path = AWebImageDemo;
			sourceTree = "<group>";
		};
		688A764E1D0D0FD0002CC798 /* AWebImage */ = {
			isa = PBXGroup;
			children = (
				688A765A1D0D1012002CC798 /* AWebImage.swift */,
				688A76591D0D1012002CC798 /* UIImageView+AWebImage.swift */,
				689332B21E06C6AA00F495AE /* AWebImageProcess.swift */,
				688A764F1D0D0FD0002CC798 /* AWebImage.h */,
				688A76511D0D0FD0002CC798 /* Info.plist */,
			);
			path = AWebImage;
			sourceTree = "<group>";
		};
/* End PBXGroup section */

/* Begin PBXHeadersBuildPhase section */
		688A764A1D0D0FD0002CC798 /* Headers */ = {
			isa = PBXHeadersBuildPhase;
			buildActionMask = 2147483647;
			files = (
				688A76501D0D0FD0002CC798 /* AWebImage.h in Headers */,
			);
			runOnlyForDeploymentPostprocessing = 0;
		};
/* End PBXHeadersBuildPhase section */

/* Begin PBXNativeTarget section */
		688A76151D0D0CFE002CC798 /* AWebImageDemo */ = {
			isa = PBXNativeTarget;
			buildConfigurationList = 688A76251D0D0CFE002CC798 /* Build configuration list for PBXNativeTarget "AWebImageDemo" */;
			buildPhases = (
				688A76121D0D0CFE002CC798 /* Sources */,
				688A76131D0D0CFE002CC798 /* Frameworks */,
				688A76141D0D0CFE002CC798 /* Resources */,
				688A76411D0D0EA6002CC798 /* Embed Frameworks */,
			);
			buildRules = (
			);
			dependencies = (
				688A76531D0D0FD0002CC798 /* PBXTargetDependency */,
			);
			name = AWebImageDemo;
			productName = AWebImageDemo;
			productReference = 688A76161D0D0CFE002CC798 /* AWebImageDemo.app */;
			productType = "com.apple.product-type.application";
		};
		688A764C1D0D0FD0002CC798 /* AWebImage */ = {
			isa = PBXNativeTarget;
			buildConfigurationList = 688A76561D0D0FD0002CC798 /* Build configuration list for PBXNativeTarget "AWebImage" */;
			buildPhases = (
				688A76481D0D0FD0002CC798 /* Sources */,
				688A76491D0D0FD0002CC798 /* Frameworks */,
				688A764A1D0D0FD0002CC798 /* Headers */,
				688A764B1D0D0FD0002CC798 /* Resources */,
			);
			buildRules = (
			);
			dependencies = (
			);
			name = AWebImage;
			productName = AWebImage;
			productReference = 688A764D1D0D0FD0002CC798 /* AWebImage.framework */;
			productType = "com.apple.product-type.framework";
		};
/* End PBXNativeTarget section */

/* Begin PBXProject section */
		6883E40E1CFF2CF2006C7F52 /* Project object */ = {
			isa = PBXProject;
			attributes = {
				LastSwiftUpdateCheck = 0730;
				LastUpgradeCheck = 0900;
				ORGANIZATIONNAME = "秦 道平";
				TargetAttributes = {
					688A76151D0D0CFE002CC798 = {
						CreatedOnToolsVersion = 7.3.1;
						DevelopmentTeam = 656GZ3SAAP;
						LastSwiftMigration = 0820;
					};
					688A764C1D0D0FD0002CC798 = {
						CreatedOnToolsVersion = 7.3.1;
						LastSwiftMigration = 0820;
					};
				};
			};
			buildConfigurationList = 6883E4111CFF2CF2006C7F52 /* Build configuration list for PBXProject "AWebImage" */;
			compatibilityVersion = "Xcode 3.2";
			developmentRegion = English;
			hasScannedForEncodings = 0;
			knownRegions = (
				English,
				en,
				Base,
			);
			mainGroup = 6883E40D1CFF2CF2006C7F52;
			productRefGroup = 6883E4171CFF2CF2006C7F52 /* Products */;
			projectDirPath = "";
			projectRoot = "";
			targets = (
				688A764C1D0D0FD0002CC798 /* AWebImage */,
				688A76151D0D0CFE002CC798 /* AWebImageDemo */,
			);
		};
/* End PBXProject section */

/* Begin PBXResourcesBuildPhase section */
		688A76141D0D0CFE002CC798 /* Resources */ = {
			isa = PBXResourcesBuildPhase;
			buildActionMask = 2147483647;
			files = (
				688A76231D0D0CFE002CC798 /* LaunchScreen.storyboard in Resources */,
				688A76201D0D0CFE002CC798 /* Assets.xcassets in Resources */,
				688A761E1D0D0CFE002CC798 /* Main.storyboard in Resources */,
			);
			runOnlyForDeploymentPostprocessing = 0;
		};
		688A764B1D0D0FD0002CC798 /* Resources */ = {
			isa = PBXResourcesBuildPhase;
			buildActionMask = 2147483647;
			files = (
			);
			runOnlyForDeploymentPostprocessing = 0;
		};
/* End PBXResourcesBuildPhase section */

/* Begin PBXSourcesBuildPhase section */
		688A76121D0D0CFE002CC798 /* Sources */ = {
			isa = PBXSourcesBuildPhase;
			buildActionMask = 2147483647;
			files = (
				688A762E1D0D0DF3002CC798 /* PhotoDetailViewController.swift in Sources */,
				688A762F1D0D0DF3002CC798 /* AWExtensions.swift in Sources */,
				688A76191D0D0CFE002CC798 /* AppDelegate.swift in Sources */,
				688A762D1D0D0DF3002CC798 /* PhotosListViewController.swift in Sources */,
			);
			runOnlyForDeploymentPostprocessing = 0;
		};
		688A76481D0D0FD0002CC798 /* Sources */ = {
			isa = PBXSourcesBuildPhase;
			buildActionMask = 2147483647;
			files = (
				688A765C1D0D1012002CC798 /* AWebImage.swift in Sources */,
				689332B31E06C6AA00F495AE /* AWebImageProcess.swift in Sources */,
				688A765B1D0D1012002CC798 /* UIImageView+AWebImage.swift in Sources */,
			);
			runOnlyForDeploymentPostprocessing = 0;
		};
/* End PBXSourcesBuildPhase section */

/* Begin PBXTargetDependency section */
		688A76531D0D0FD0002CC798 /* PBXTargetDependency */ = {
			isa = PBXTargetDependency;
			target = 688A764C1D0D0FD0002CC798 /* AWebImage */;
			targetProxy = 688A76521D0D0FD0002CC798 /* PBXContainerItemProxy */;
		};
/* End PBXTargetDependency section */

/* Begin PBXVariantGroup section */
		688A761C1D0D0CFE002CC798 /* Main.storyboard */ = {
			isa = PBXVariantGroup;
			children = (
				688A761D1D0D0CFE002CC798 /* Base */,
			);
			name = Main.storyboard;
			sourceTree = "<group>";
		};
		688A76211D0D0CFE002CC798 /* LaunchScreen.storyboard */ = {
			isa = PBXVariantGroup;
			children = (
				688A76221D0D0CFE002CC798 /* Base */,
			);
			name = LaunchScreen.storyboard;
			sourceTree = "<group>";
		};
/* End PBXVariantGroup section */

/* Begin XCBuildConfiguration section */
		6883E4261CFF2CF2006C7F52 /* Debug */ = {
			isa = XCBuildConfiguration;
			buildSettings = {
				ALWAYS_SEARCH_USER_PATHS = NO;
				CLANG_ANALYZER_NONNULL = YES;
				CLANG_CXX_LANGUAGE_STANDARD = "gnu++0x";
				CLANG_CXX_LIBRARY = "libc++";
				CLANG_ENABLE_MODULES = YES;
				CLANG_ENABLE_OBJC_ARC = YES;
				CLANG_WARN_BLOCK_CAPTURE_AUTORELEASING = YES;
				CLANG_WARN_BOOL_CONVERSION = YES;
				CLANG_WARN_COMMA = YES;
				CLANG_WARN_CONSTANT_CONVERSION = YES;
				CLANG_WARN_DIRECT_OBJC_ISA_USAGE = YES_ERROR;
				CLANG_WARN_EMPTY_BODY = YES;
				CLANG_WARN_ENUM_CONVERSION = YES;
				CLANG_WARN_INFINITE_RECURSION = YES;
				CLANG_WARN_INT_CONVERSION = YES;
				CLANG_WARN_NON_LITERAL_NULL_CONVERSION = YES;
				CLANG_WARN_OBJC_LITERAL_CONVERSION = YES;
				CLANG_WARN_OBJC_ROOT_CLASS = YES_ERROR;
				CLANG_WARN_RANGE_LOOP_ANALYSIS = YES;
				CLANG_WARN_STRICT_PROTOTYPES = YES;
				CLANG_WARN_SUSPICIOUS_MOVE = YES;
				CLANG_WARN_UNREACHABLE_CODE = YES;
				CLANG_WARN__DUPLICATE_METHOD_MATCH = YES;
				"CODE_SIGN_IDENTITY[sdk=iphoneos*]" = "iPhone Developer";
				COPY_PHASE_STRIP = NO;
				DEBUG_INFORMATION_FORMAT = dwarf;
				ENABLE_STRICT_OBJC_MSGSEND = YES;
				ENABLE_TESTABILITY = YES;
				GCC_C_LANGUAGE_STANDARD = gnu99;
				GCC_DYNAMIC_NO_PIC = NO;
				GCC_NO_COMMON_BLOCKS = YES;
				GCC_OPTIMIZATION_LEVEL = 0;
				GCC_PREPROCESSOR_DEFINITIONS = (
					"DEBUG=1",
					"$(inherited)",
				);
				GCC_WARN_64_TO_32_BIT_CONVERSION = YES;
				GCC_WARN_ABOUT_RETURN_TYPE = YES_ERROR;
				GCC_WARN_UNDECLARED_SELECTOR = YES;
				GCC_WARN_UNINITIALIZED_AUTOS = YES_AGGRESSIVE;
				GCC_WARN_UNUSED_FUNCTION = YES;
				GCC_WARN_UNUSED_VARIABLE = YES;
				IPHONEOS_DEPLOYMENT_TARGET = 9.3;
				MTL_ENABLE_DEBUG_INFO = YES;
				ONLY_ACTIVE_ARCH = YES;
				SDKROOT = iphoneos;
				SWIFT_OPTIMIZATION_LEVEL = "-Onone";
				SWIFT_VERSION = 4.0;
			};
			name = Debug;
		};
		6883E4271CFF2CF2006C7F52 /* Release */ = {
			isa = XCBuildConfiguration;
			buildSettings = {
				ALWAYS_SEARCH_USER_PATHS = NO;
				CLANG_ANALYZER_NONNULL = YES;
				CLANG_CXX_LANGUAGE_STANDARD = "gnu++0x";
				CLANG_CXX_LIBRARY = "libc++";
				CLANG_ENABLE_MODULES = YES;
				CLANG_ENABLE_OBJC_ARC = YES;
				CLANG_WARN_BLOCK_CAPTURE_AUTORELEASING = YES;
				CLANG_WARN_BOOL_CONVERSION = YES;
				CLANG_WARN_COMMA = YES;
				CLANG_WARN_CONSTANT_CONVERSION = YES;
				CLANG_WARN_DIRECT_OBJC_ISA_USAGE = YES_ERROR;
				CLANG_WARN_EMPTY_BODY = YES;
				CLANG_WARN_ENUM_CONVERSION = YES;
				CLANG_WARN_INFINITE_RECURSION = YES;
				CLANG_WARN_INT_CONVERSION = YES;
				CLANG_WARN_NON_LITERAL_NULL_CONVERSION = YES;
				CLANG_WARN_OBJC_LITERAL_CONVERSION = YES;
				CLANG_WARN_OBJC_ROOT_CLASS = YES_ERROR;
				CLANG_WARN_RANGE_LOOP_ANALYSIS = YES;
				CLANG_WARN_STRICT_PROTOTYPES = YES;
				CLANG_WARN_SUSPICIOUS_MOVE = YES;
				CLANG_WARN_UNREACHABLE_CODE = YES;
				CLANG_WARN__DUPLICATE_METHOD_MATCH = YES;
				"CODE_SIGN_IDENTITY[sdk=iphoneos*]" = "iPhone Developer";
				COPY_PHASE_STRIP = NO;
				DEBUG_INFORMATION_FORMAT = "dwarf-with-dsym";
				ENABLE_NS_ASSERTIONS = NO;
				ENABLE_STRICT_OBJC_MSGSEND = YES;
				GCC_C_LANGUAGE_STANDARD = gnu99;
				GCC_NO_COMMON_BLOCKS = YES;
				GCC_WARN_64_TO_32_BIT_CONVERSION = YES;
				GCC_WARN_ABOUT_RETURN_TYPE = YES_ERROR;
				GCC_WARN_UNDECLARED_SELECTOR = YES;
				GCC_WARN_UNINITIALIZED_AUTOS = YES_AGGRESSIVE;
				GCC_WARN_UNUSED_FUNCTION = YES;
				GCC_WARN_UNUSED_VARIABLE = YES;
				IPHONEOS_DEPLOYMENT_TARGET = 9.3;
				MTL_ENABLE_DEBUG_INFO = NO;
				SDKROOT = iphoneos;
				SWIFT_OPTIMIZATION_LEVEL = "-Owholemodule";
				SWIFT_VERSION = 4.0;
				VALIDATE_PRODUCT = YES;
			};
			name = Release;
		};
		688A76261D0D0CFE002CC798 /* Debug */ = {
			isa = XCBuildConfiguration;
			buildSettings = {
				ALWAYS_EMBED_SWIFT_STANDARD_LIBRARIES = YES;
				ASSETCATALOG_COMPILER_APPICON_NAME = AppIcon;
				CURRENT_PROJECT_VERSION = 5;
				DEVELOPMENT_TEAM = 656GZ3SAAP;
				INFOPLIST_FILE = AWebImageDemo/Info.plist;
				LD_RUNPATH_SEARCH_PATHS = "$(inherited) @executable_path/Frameworks";
				MARKETING_VERSION = 1.2;
				PRODUCT_BUNDLE_IDENTIFIER = adow.AWebImageDemo;
				PRODUCT_NAME = "$(TARGET_NAME)";
				SWIFT_VERSION = 4.0;
			};
			name = Debug;
		};
		688A76271D0D0CFE002CC798 /* Release */ = {
			isa = XCBuildConfiguration;
			buildSettings = {
				ALWAYS_EMBED_SWIFT_STANDARD_LIBRARIES = YES;
				ASSETCATALOG_COMPILER_APPICON_NAME = AppIcon;
				CURRENT_PROJECT_VERSION = 5;
				DEVELOPMENT_TEAM = 656GZ3SAAP;
				INFOPLIST_FILE = AWebImageDemo/Info.plist;
				LD_RUNPATH_SEARCH_PATHS = "$(inherited) @executable_path/Frameworks";
				MARKETING_VERSION = 1.2;
				PRODUCT_BUNDLE_IDENTIFIER = adow.AWebImageDemo;
				PRODUCT_NAME = "$(TARGET_NAME)";
				SWIFT_VERSION = 4.0;
			};
			name = Release;
		};
		688A76571D0D0FD0002CC798 /* Debug */ = {
			isa = XCBuildConfiguration;
			buildSettings = {
				CLANG_ENABLE_MODULES = YES;
				"CODE_SIGN_IDENTITY[sdk=iphoneos*]" = "";
				CURRENT_PROJECT_VERSION = 17;
				DEFINES_MODULE = YES;
				DYLIB_COMPATIBILITY_VERSION = 1;
				DYLIB_CURRENT_VERSION = 1;
				DYLIB_INSTALL_NAME_BASE = "@rpath";
				INFOPLIST_FILE = AWebImage/Info.plist;
				INSTALL_PATH = "$(LOCAL_LIBRARY_DIR)/Frameworks";
				IPHONEOS_DEPLOYMENT_TARGET = 8.0;
				LD_RUNPATH_SEARCH_PATHS = "$(inherited) @executable_path/Frameworks @loader_path/Frameworks";
				MARKETING_VERSION = 0.4.2;
				PRODUCT_BUNDLE_IDENTIFIER = adow.AWebImage;
				PRODUCT_NAME = "$(TARGET_NAME)";
				SKIP_INSTALL = YES;
				SWIFT_OPTIMIZATION_LEVEL = "-Onone";
				SWIFT_VERSION = 4.2;
				TARGETED_DEVICE_FAMILY = "1,2";
				VERSIONING_SYSTEM = "apple-generic";
				VERSION_INFO_PREFIX = "";
			};
			name = Debug;
		};
		688A76581D0D0FD0002CC798 /* Release */ = {
			isa = XCBuildConfiguration;
			buildSettings = {
				CLANG_ENABLE_MODULES = YES;
				"CODE_SIGN_IDENTITY[sdk=iphoneos*]" = "";
				CURRENT_PROJECT_VERSION = 17;
				DEFINES_MODULE = YES;
				DYLIB_COMPATIBILITY_VERSION = 1;
				DYLIB_CURRENT_VERSION = 1;
				DYLIB_INSTALL_NAME_BASE = "@rpath";
				INFOPLIST_FILE = AWebImage/Info.plist;
				INSTALL_PATH = "$(LOCAL_LIBRARY_DIR)/Frameworks";
				IPHONEOS_DEPLOYMENT_TARGET = 8.0;
				LD_RUNPATH_SEARCH_PATHS = "$(inherited) @executable_path/Frameworks @loader_path/Frameworks";
				MARKETING_VERSION = 0.4.2;
				PRODUCT_BUNDLE_IDENTIFIER = adow.AWebImage;
				PRODUCT_NAME = "$(TARGET_NAME)";
				SKIP_INSTALL = YES;
				SWIFT_VERSION = 4.2;
				TARGETED_DEVICE_FAMILY = "1,2";
				VERSIONING_SYSTEM = "apple-generic";
				VERSION_INFO_PREFIX = "";
			};
			name = Release;
		};
/* End XCBuildConfiguration section */

/* Begin XCConfigurationList section */
		6883E4111CFF2CF2006C7F52 /* Build configuration list for PBXProject "AWebImage" */ = {
			isa = XCConfigurationList;
			buildConfigurations = (
				6883E4261CFF2CF2006C7F52 /* Debug */,
				6883E4271CFF2CF2006C7F52 /* Release */,
			);
			defaultConfigurationIsVisible = 0;
			defaultConfigurationName = Release;
		};
		688A76251D0D0CFE002CC798 /* Build configuration list for PBXNativeTarget "AWebImageDemo" */ = {
			isa = XCConfigurationList;
			buildConfigurations = (
				688A76261D0D0CFE002CC798 /* Debug */,
				688A76271D0D0CFE002CC798 /* Release */,
			);
			defaultConfigurationIsVisible = 0;
			defaultConfigurationName = Release;
		};
		688A76561D0D0FD0002CC798 /* Build configuration list for PBXNativeTarget "AWebImage" */ = {
			isa = XCConfigurationList;
			buildConfigurations = (
				688A76571D0D0FD0002CC798 /* Debug */,
				688A76581D0D0FD0002CC798 /* Release */,
			);
			defaultConfigurationIsVisible = 0;
			defaultConfigurationName = Release;
		};
/* End XCConfigurationList section */
	};
	rootObject = 6883E40E1CFF2CF2006C7F52 /* Project object */;
}
